{
  "name": "loopring-smart-contracts",
  "version": "3.0.0",
  "lockfileVersion": 1,
  "requires": true,
  "dependencies": {
    "@types/bignumber.js": {
      "version": "4.0.3",
      "resolved": "https://registry.npmjs.org/@types/bignumber.js/-/bignumber.js-4.0.3.tgz",
      "integrity": "sha512-KoJPKjhlWBry4fk8qcIufXFOU+zcZBfkHQWKbnAMQTMoe2GDeLpjSQHS+22gv+dg7gKdTP2WCjSeCVnfj8e+Gw==",
      "dev": true
    },
    "@types/bitwise-xor": {
      "version": "0.0.30",
      "resolved": "https://registry.npmjs.org/@types/bitwise-xor/-/bitwise-xor-0.0.30.tgz",
      "integrity": "sha1-mW95moABAFshbnJWC6oN+5xZwhY=",
      "requires": {
        "@types/node": "*"
      }
    },
    "@types/bluebird": {
      "version": "3.5.24",
      "resolved": "https://registry.npmjs.org/@types/bluebird/-/bluebird-3.5.24.tgz",
      "integrity": "sha512-YeQoDpq4Lm8ppSBqAnAeF/xy1cYp/dMTif2JFcvmAbETMRlvKHT2iLcWu+WyYiJO3b3Ivokwo7EQca/xfLVJmg==",
      "dev": true
    },
    "@types/body-parser": {
      "version": "1.17.0",
      "resolved": "https://registry.npmjs.org/@types/body-parser/-/body-parser-1.17.0.tgz",
      "integrity": "sha512-a2+YeUjPkztKJu5aIF2yArYFQQp8d51wZ7DavSHjFuY1mqVgidGyzEQ41JIVNy82fXj8yPgy2vJmfIywgESW6w==",
      "requires": {
        "@types/connect": "*",
        "@types/node": "*"
      }
    },
    "@types/browserify": {
      "version": "12.0.36",
      "resolved": "https://registry.npmjs.org/@types/browserify/-/browserify-12.0.36.tgz",
      "integrity": "sha512-hYXvPod5upkYTC7auziOATFsu/0MGxozbzNI80sZV044JTF7UtstHeNOM52b+bg7/taZ3fheK7oeb+jpm4C0/w==",
      "requires": {
        "@types/insert-module-globals": "*",
        "@types/node": "*"
      }
    },
    "@types/caseless": {
      "version": "0.12.2",
      "resolved": "https://registry.npmjs.org/@types/caseless/-/caseless-0.12.2.tgz",
      "integrity": "sha512-6ckxMjBBD8URvjB